
Microsoft Visual Studio Solution File, Format Version 12.00
# Visual Studio Version 16
VisualStudioVersion = 16.0.31019.35
MinimumVisualStudioVersion = 10.0.40219.1
Project("{9A19103F-16F7-4668-BE54-9A1E7A4F7556}") = "Presentation.Web.Server", "Presentation.Web\Presentation.Web\Server\Presentation.Web.Server.csproj", "{F9B5A07B-9F2C-4A0E-9A26-98753E71183E}"
EndProject
Project("{9A19103F-16F7-4668-BE54-9A1E7A4F7556}") = "Presentation.Web.Client", "Presentation.Web\Presentation.Web\Client\Presentation.Web.Client.csproj", "{04695A75-2B8E-4942-A635-62C1978B1B31}"
EndProject
Project("{9A19103F-16F7-4668-BE54-9A1E7A4F7556}") = "Presentation.Web.Shared", "Presentation.Web\Presentation.Web\Shared\Presentation.Web.Shared.csproj", "{D14E02A2-B08A-483F-BDDE-5C50FF0FEA8F}"
EndProject
Project("{2150E333-8FDC-42A3-9474-1A3956D46DE8}") = "assets", "assets", "{0F42C527-5CAC-42DD-B165-6AB2D1554AC8}"
	ProjectSection(SolutionItems) = preProject
		.gitignore = .gitignore
		docker-compose.yaml = docker-compose.yaml
		nuget.config = nuget.config
		REST.http = REST.http
	EndProjectSection
EndProject
Global
	GlobalSection(SolutionConfigurationPlatforms) = preSolution
		Debug|Any CPU = Debug|Any CPU
		Release|Any CPU = Release|Any CPU
	EndGlobalSection
	GlobalSection(ProjectConfigurationPlatforms) = postSolution
		{F9B5A07B-9F2C-4A0E-9A26-98753E71183E}.Debug|Any CPU.ActiveCfg = Debug|Any CPU
		{F9B5A07B-9F2C-4A0E-9A26-98753E71183E}.Debug|Any CPU.Build.0 = Debug|Any CPU
		{F9B5A07B-9F2C-4A0E-9A26-98753E71183E}.Release|Any CPU.ActiveCfg = Release|Any CPU
		{F9B5A07B-9F2C-4A0E-9A26-98753E71183E}.Release|Any CPU.Build.0 = Release|Any CPU
		{04695A75-2B8E-4942-A635-62C1978B1B31}.Debug|Any CPU.ActiveCfg = Debug|Any CPU
		{04695A75-2B8E-4942-A635-62C1978B1B31}.Debug|Any CPU.Build.0 = Debug|Any CPU
		{04695A75-2B8E-4942-A635-62C1978B1B31}.Release|Any CPU.ActiveCfg = Release|Any CPU
		{04695A75-2B8E-4942-A635-62C1978B1B31}.Release|Any CPU.Build.0 = Release|Any CPU
		{D14E02A2-B08A-483F-BDDE-5C50FF0FEA8F}.Debug|Any CPU.ActiveCfg = Debug|Any CPU
		{D14E02A2-B08A-483F-BDDE-5C50FF0FEA8F}.Debug|Any CPU.Build.0 = Debug|Any CPU
		{D14E02A2-B08A-483F-BDDE-5C50FF0FEA8F}.Release|Any CPU.ActiveCfg = Release|Any CPU
		{D14E02A2-B08A-483F-BDDE-5C50FF0FEA8F}.Release|Any CPU.Build.0 = Release|Any CPU
	EndGlobalSection
	GlobalSection(SolutionProperties) = preSolution
		HideSolutionNode = FALSE
	EndGlobalSection
	GlobalSection(ExtensibilityGlobals) = postSolution
		SolutionGuid = {9A9699C4-2C0B-4534-9607-AF96516D647A}
	EndGlobalSection
EndGlobal
